Microsoft Visual Studio Solution File, Format Version 12.00
# Visual Studio Version 17
VisualStudioVersion = 17.5.2.0
MinimumVisualStudioVersion = 10.0.40219.1
Project("{2150E333-8FDC-42A3-9474-1A3956D46DE8}") = "backend", "backend", "{1AE8ACA6-933B-BF2A-3671-3E2EAC007D16}"
EndProject
Project("{2150E333-8FDC-42A3-9474-1A3956D46DE8}") = "frontend", "frontend", "{CE609670-85B9-0D16-FB54-ED063D5D8A6D}"
EndProject
Project("{FAE04EC0-301F-11D3-BF4B-00C04F79EFBC}") = "CoffeeGrindBackend", "backend\CoffeeGrindBackend\CoffeeGrindBackend.csproj", "{A5D3C535-ADA3-BFF1-5119-F159848B258B}"
EndProject
Project("{FAE04EC0-301F-11D3-BF4B-00C04F79EFBC}") = "CoffeeGrindFrontend", "frontend\CoffeeGrindFrontend\CoffeeGrindFrontend.csproj", "{62EC7613-5C38-42DC-F75A-6EA1193125C8}"
EndProject
Global
	GlobalSection(SolutionConfigurationPlatforms) = preSolution
		Debug|Any CPU = Debug|Any CPU
		Release|Any CPU = Release|Any CPU
	EndGlobalSection
	GlobalSection(ProjectConfigurationPlatforms) = postSolution
		{A5D3C535-ADA3-BFF1-5119-F159848B258B}.Debug|Any CPU.ActiveCfg = Debug|Any CPU
		{A5D3C535-ADA3-BFF1-5119-F159848B258B}.Debug|Any CPU.Build.0 = Debug|Any CPU
		{A5D3C535-ADA3-BFF1-5119-F159848B258B}.Release|Any CPU.ActiveCfg = Release|Any CPU
		{A5D3C535-ADA3-BFF1-5119-F159848B258B}.Release|Any CPU.Build.0 = Release|Any CPU
		{62EC7613-5C38-42DC-F75A-6EA1193125C8}.Debug|Any CPU.ActiveCfg = Debug|Any CPU
		{62EC7613-5C38-42DC-F75A-6EA1193125C8}.Debug|Any CPU.Build.0 = Debug|Any CPU
		{62EC7613-5C38-42DC-F75A-6EA1193125C8}.Release|Any CPU.ActiveCfg = Release|Any CPU
		{62EC7613-5C38-42DC-F75A-6EA1193125C8}.Release|Any CPU.Build.0 = Release|Any CPU
	EndGlobalSection
	GlobalSection(SolutionProperties) = preSolution
		HideSolutionNode = FALSE
	EndGlobalSection
	GlobalSection(NestedProjects) = preSolution
		{A5D3C535-ADA3-BFF1-5119-F159848B258B} = {1AE8ACA6-933B-BF2A-3671-3E2EAC007D16}
		{62EC7613-5C38-42DC-F75A-6EA1193125C8} = {CE609670-85B9-0D16-FB54-ED063D5D8A6D}
	EndGlobalSection
	GlobalSection(ExtensibilityGlobals) = postSolution
		SolutionGuid = {E433469F-2D10-49C3-AA2B-55015CE929C5}
	EndGlobalSection
EndGlobal
